
Microsoft Visual Studio Solution File, Format Version 12.00
# Visual Studio Version 17
VisualStudioVersion = 17.12.35707.178
MinimumVisualStudioVersion = 10.0.40219.1
Project("{FAE04EC0-301F-11D3-BF4B-00C04F79EFBC}") = "QuickTalk.Client", "QuickTalk.Client\QuickTalk.Client.csproj", "{FB763408-C849-4E79-A9B7-2AE884F6DD81}"
EndProject
Project("{2150E333-8FDC-42A3-9474-1A3956D46DE8}") = "Frontend", "Frontend", "{36D591C7-65C7-A0D1-1CBC-10CDE441BDC8}"
EndProject
Project("{2150E333-8FDC-42A3-9474-1A3956D46DE8}") = "Messages", "Messages", "{0E9016CF-4BE0-46ED-9F37-4C67766B6743}"
EndProject
Project("{2150E333-8FDC-42A3-9474-1A3956D46DE8}") = "src", "src", "{10CA19C1-5DC3-4088-B0E2-A7A8B3171F67}"
EndProject
Project("{2150E333-8FDC-42A3-9474-1A3956D46DE8}") = "Core", "Core", "{E5EE81D8-72D7-4123-B433-7C988C9209B1}"
EndProject
Project("{FAE04EC0-301F-11D3-BF4B-00C04F79EFBC}") = "QuickTalk.Messages.Domain", "QuickTalk.Messages.Domain\QuickTalk.Messages.Domain.csproj", "{E657A5AD-AD95-4654-9019-16AEC9A513FA}"
EndProject
Project("{FAE04EC0-301F-11D3-BF4B-00C04F79EFBC}") = "QuickTalk.Messages.Application", "QuickTalk.Messages.Application\QuickTalk.Messages.Application.csproj", "{9B0BFAE2-86BE-4EE6-8CB8-C6886AB24217}"
EndProject
Project("{2150E333-8FDC-42A3-9474-1A3956D46DE8}") = "Infrastructure", "Infrastructure", "{EE62D9DE-487D-4095-9319-CB530E7D9F6E}"
EndProject
Project("{2150E333-8FDC-42A3-9474-1A3956D46DE8}") = "Presentation", "Presentation", "{3B16BE39-4144-42BC-B3EF-74D8DFC71FCA}"
EndProject
Project("{FAE04EC0-301F-11D3-BF4B-00C04F79EFBC}") = "QuickTalk.Messages.Persistence", "QuickTalk.Messages.Persistence\QuickTalk.Messages.Persistence.csproj", "{D425D0D6-0F8E-4C59-80F2-BC338EE8A0A0}"
EndProject
Project("{FAE04EC0-301F-11D3-BF4B-00C04F79EFBC}") = "QuickTalk.Messages.Infrastructure", "QuickTalk.Messages.Infrastructure\QuickTalk.Messages.Infrastructure.csproj", "{9C6CD286-CFA6-4C3B-8ED3-BBF484F9956F}"
EndProject
Project("{FAE04EC0-301F-11D3-BF4B-00C04F79EFBC}") = "QuickTalk.Messages.WebApi", "QuickTalk.Messages.WebApi\QuickTalk.Messages.WebApi.csproj", "{3A92C47E-36C5-4D2D-81F2-7AE650007CF7}"
EndProject
Project("{FAE04EC0-301F-11D3-BF4B-00C04F79EFBC}") = "Messages.Shared.Configuration", "Messages.Shared.Configuration\Messages.Shared.Configuration.csproj", "{F98DCE35-6CC2-40BB-8C04-52F79D369EB9}"
EndProject
Global
	GlobalSection(SolutionConfigurationPlatforms) = preSolution
		Debug|Any CPU = Debug|Any CPU
		Release|Any CPU = Release|Any CPU
	EndGlobalSection
	GlobalSection(ProjectConfigurationPlatforms) = postSolution
		{FB763408-C849-4E79-A9B7-2AE884F6DD81}.Debug|Any CPU.ActiveCfg = Debug|Any CPU
		{FB763408-C849-4E79-A9B7-2AE884F6DD81}.Debug|Any CPU.Build.0 = Debug|Any CPU
		{FB763408-C849-4E79-A9B7-2AE884F6DD81}.Release|Any CPU.ActiveCfg = Release|Any CPU
		{FB763408-C849-4E79-A9B7-2AE884F6DD81}.Release|Any CPU.Build.0 = Release|Any CPU
		{E657A5AD-AD95-4654-9019-16AEC9A513FA}.Debug|Any CPU.ActiveCfg = Debug|Any CPU
		{E657A5AD-AD95-4654-9019-16AEC9A513FA}.Debug|Any CPU.Build.0 = Debug|Any CPU
		{E657A5AD-AD95-4654-9019-16AEC9A513FA}.Release|Any CPU.ActiveCfg = Release|Any CPU
		{E657A5AD-AD95-4654-9019-16AEC9A513FA}.Release|Any CPU.Build.0 = Release|Any CPU
		{9B0BFAE2-86BE-4EE6-8CB8-C6886AB24217}.Debug|Any CPU.ActiveCfg = Debug|Any CPU
		{9B0BFAE2-86BE-4EE6-8CB8-C6886AB24217}.Debug|Any CPU.Build.0 = Debug|Any CPU
		{9B0BFAE2-86BE-4EE6-8CB8-C6886AB24217}.Release|Any CPU.ActiveCfg = Release|Any CPU
		{9B0BFAE2-86BE-4EE6-8CB8-C6886AB24217}.Release|Any CPU.Build.0 = Release|Any CPU
		{D425D0D6-0F8E-4C59-80F2-BC338EE8A0A0}.Debug|Any CPU.ActiveCfg = Debug|Any CPU
		{D425D0D6-0F8E-4C59-80F2-BC338EE8A0A0}.Debug|Any CPU.Build.0 = Debug|Any CPU
		{D425D0D6-0F8E-4C59-80F2-BC338EE8A0A0}.Release|Any CPU.ActiveCfg = Release|Any CPU
		{D425D0D6-0F8E-4C59-80F2-BC338EE8A0A0}.Release|Any CPU.Build.0 = Release|Any CPU
		{9C6CD286-CFA6-4C3B-8ED3-BBF484F9956F}.Debug|Any CPU.ActiveCfg = Debug|Any CPU
		{9C6CD286-CFA6-4C3B-8ED3-BBF484F9956F}.Debug|Any CPU.Build.0 = Debug|Any CPU
		{9C6CD286-CFA6-4C3B-8ED3-BBF484F9956F}.Release|Any CPU.ActiveCfg = Release|Any CPU
		{9C6CD286-CFA6-4C3B-8ED3-BBF484F9956F}.Release|Any CPU.Build.0 = Release|Any CPU
		{3A92C47E-36C5-4D2D-81F2-7AE650007CF7}.Debug|Any CPU.ActiveCfg = Debug|Any CPU
		{3A92C47E-36C5-4D2D-81F2-7AE650007CF7}.Debug|Any CPU.Build.0 = Debug|Any CPU
		{3A92C47E-36C5-4D2D-81F2-7AE650007CF7}.Release|Any CPU.ActiveCfg = Release|Any CPU
		{3A92C47E-36C5-4D2D-81F2-7AE650007CF7}.Release|Any CPU.Build.0 = Release|Any CPU
		{F98DCE35-6CC2-40BB-8C04-52F79D369EB9}.Debug|Any CPU.ActiveCfg = Debug|Any CPU
		{F98DCE35-6CC2-40BB-8C04-52F79D369EB9}.Debug|Any CPU.Build.0 = Debug|Any CPU
		{F98DCE35-6CC2-40BB-8C04-52F79D369EB9}.Release|Any CPU.ActiveCfg = Release|Any CPU
		{F98DCE35-6CC2-40BB-8C04-52F79D369EB9}.Release|Any CPU.Build.0 = Release|Any CPU
	EndGlobalSection
	GlobalSection(SolutionProperties) = preSolution
		HideSolutionNode = FALSE
	EndGlobalSection
	GlobalSection(NestedProjects) = preSolution
		{FB763408-C849-4E79-A9B7-2AE884F6DD81} = {36D591C7-65C7-A0D1-1CBC-10CDE441BDC8}
		{36D591C7-65C7-A0D1-1CBC-10CDE441BDC8} = {10CA19C1-5DC3-4088-B0E2-A7A8B3171F67}
		{0E9016CF-4BE0-46ED-9F37-4C67766B6743} = {10CA19C1-5DC3-4088-B0E2-A7A8B3171F67}
		{E5EE81D8-72D7-4123-B433-7C988C9209B1} = {0E9016CF-4BE0-46ED-9F37-4C67766B6743}
		{E657A5AD-AD95-4654-9019-16AEC9A513FA} = {E5EE81D8-72D7-4123-B433-7C988C9209B1}
		{9B0BFAE2-86BE-4EE6-8CB8-C6886AB24217} = {E5EE81D8-72D7-4123-B433-7C988C9209B1}
		{EE62D9DE-487D-4095-9319-CB530E7D9F6E} = {0E9016CF-4BE0-46ED-9F37-4C67766B6743}
		{3B16BE39-4144-42BC-B3EF-74D8DFC71FCA} = {0E9016CF-4BE0-46ED-9F37-4C67766B6743}
		{D425D0D6-0F8E-4C59-80F2-BC338EE8A0A0} = {EE62D9DE-487D-4095-9319-CB530E7D9F6E}
		{9C6CD286-CFA6-4C3B-8ED3-BBF484F9956F} = {EE62D9DE-487D-4095-9319-CB530E7D9F6E}
		{3A92C47E-36C5-4D2D-81F2-7AE650007CF7} = {3B16BE39-4144-42BC-B3EF-74D8DFC71FCA}
		{F98DCE35-6CC2-40BB-8C04-52F79D369EB9} = {0E9016CF-4BE0-46ED-9F37-4C67766B6743}
	EndGlobalSection
	GlobalSection(ExtensibilityGlobals) = postSolution
		SolutionGuid = {9D7FE2A2-DA95-4E29-8F0E-DCB65CF75076}
	EndGlobalSection
EndGlobal
