
Microsoft Visual Studio Solution File, Format Version 12.00
# Visual Studio Version 17
VisualStudioVersion = 17.12.35707.178
MinimumVisualStudioVersion = 10.0.40219.1
Project("{FAE04EC0-301F-11D3-BF4B-00C04F79EFBC}") = "QuickTalk.Client", "src\Frontend\QuickTalk.Client\QuickTalk.Client.csproj", "{FB763408-C849-4E79-A9B7-2AE884F6DD81}"
EndProject
Project("{2150E333-8FDC-42A3-9474-1A3956D46DE8}") = "Frontend", "Frontend", "{36D591C7-65C7-A0D1-1CBC-10CDE441BDC8}"
EndProject
Project("{2150E333-8FDC-42A3-9474-1A3956D46DE8}") = "Messages", "Messages", "{0E9016CF-4BE0-46ED-9F37-4C67766B6743}"
EndProject
Project("{2150E333-8FDC-42A3-9474-1A3956D46DE8}") = "src", "src", "{10CA19C1-5DC3-4088-B0E2-A7A8B3171F67}"
EndProject
Project("{2150E333-8FDC-42A3-9474-1A3956D46DE8}") = "Core", "Core", "{E5EE81D8-72D7-4123-B433-7C988C9209B1}"
EndProject
Project("{FAE04EC0-301F-11D3-BF4B-00C04F79EFBC}") = "QuickTalk.Messages.Domain", "src\Messages\Core\QuickTalk.Messages.Domain\QuickTalk.Messages.Domain.csproj", "{E657A5AD-AD95-4654-9019-16AEC9A513FA}"
EndProject
Project("{FAE04EC0-301F-11D3-BF4B-00C04F79EFBC}") = "QuickTalk.Messages.Application", "src\Messages\Core\QuickTalk.Messages.Application\QuickTalk.Messages.Application.csproj", "{9B0BFAE2-86BE-4EE6-8CB8-C6886AB24217}"
EndProject
Project("{2150E333-8FDC-42A3-9474-1A3956D46DE8}") = "Infrastructure", "Infrastructure", "{EE62D9DE-487D-4095-9319-CB530E7D9F6E}"
EndProject
Project("{2150E333-8FDC-42A3-9474-1A3956D46DE8}") = "Presentation", "Presentation", "{3B16BE39-4144-42BC-B3EF-74D8DFC71FCA}"
EndProject
Project("{FAE04EC0-301F-11D3-BF4B-00C04F79EFBC}") = "QuickTalk.Messages.Persistence", "src\Messages\Infrastructure\QuickTalk.Messages.Persistence\QuickTalk.Messages.Persistence.csproj", "{D425D0D6-0F8E-4C59-80F2-BC338EE8A0A0}"
EndProject
Project("{FAE04EC0-301F-11D3-BF4B-00C04F79EFBC}") = "QuickTalk.Messages.WebApi", "src\Messages\Presentation\QuickTalk.Messages.WebApi\QuickTalk.Messages.WebApi.csproj", "{3A92C47E-36C5-4D2D-81F2-7AE650007CF7}"
EndProject
Project("{2150E333-8FDC-42A3-9474-1A3956D46DE8}") = "tests", "tests", "{FC0EE468-841B-49ED-AE0B-3A0082F3A515}"
EndProject
Project("{FAE04EC0-301F-11D3-BF4B-00C04F79EFBC}") = "QuickTalk.Messages.ComponentTests", "tests\MessagesTests\QuickTalk.Messages.ComponentTests.csproj", "{8781C917-8276-4D90-880E-22FD354CC3EA}"
EndProject
Project("{2150E333-8FDC-42A3-9474-1A3956D46DE8}") = "Identity", "Identity", "{428C88B2-614E-43E4-BEFB-4DB65C32927C}"
EndProject
Project("{2150E333-8FDC-42A3-9474-1A3956D46DE8}") = "Presentation", "Presentation", "{7A7EB1B8-654E-425F-8548-8ADC8F5FF365}"
EndProject
Project("{FAE04EC0-301F-11D3-BF4B-00C04F79EFBC}") = "QuickTalk.Identity.WebApi", "src\Identity\QuickTalk.Identity.WebApi\QuickTalk.Identity.WebApi.csproj", "{0CA3FD0F-F081-4289-8985-1541B3521CF8}"
EndProject
Project("{2150E333-8FDC-42A3-9474-1A3956D46DE8}") = "Persistence", "Persistence", "{F7518288-79F5-47EA-BBEC-2663DCA49B1D}"
EndProject
Project("{FAE04EC0-301F-11D3-BF4B-00C04F79EFBC}") = "QuickTalk.Identity.Persistence", "src\Identity\QuickTalk.Identity.Persistence\QuickTalk.Identity.Persistence.csproj", "{A82A2153-32D1-4083-A029-077A961F3284}"
EndProject
Project("{2150E333-8FDC-42A3-9474-1A3956D46DE8}") = "Core", "Core", "{3223C823-061E-44DF-816A-80BCF85B798A}"
EndProject
Project("{FAE04EC0-301F-11D3-BF4B-00C04F79EFBC}") = "QuickTalk.Identity.Domain", "src\Identity\QuickTalk.Identity.Models\QuickTalk.Identity.Domain.csproj", "{6E6C7B2C-5565-458A-913C-3D8533369AE7}"
EndProject
Project("{FAE04EC0-301F-11D3-BF4B-00C04F79EFBC}") = "QuickTalk.Identity.Application", "src\Identity\QuickTalk.Identity.Application\QuickTalk.Identity.Application.csproj", "{6025F04F-0B3E-4D70-A459-74488E640AE3}"
EndProject
Project("{FAE04EC0-301F-11D3-BF4B-00C04F79EFBC}") = "QuickTalk.Identity.ComponentTests", "tests\IdentityTests\QuickTalk.Identity.ComponentTests.csproj", "{32AB8924-0F85-46D3-B83E-F8E2E6C6B1F1}"
EndProject
Project("{2150E333-8FDC-42A3-9474-1A3956D46DE8}") = "IdentityTests", "IdentityTests", "{C90F570A-D3B5-47C6-B472-059091C30D6C}"
EndProject
Project("{2150E333-8FDC-42A3-9474-1A3956D46DE8}") = "MessagesTests", "MessagesTests", "{42B91641-CAF3-49CA-AC2F-9C0E1B7EC13B}"
EndProject
Project("{2150E333-8FDC-42A3-9474-1A3956D46DE8}") = "Shared", "Shared", "{62C19CE3-5F29-447D-BF4F-CD92943AF0F2}"
EndProject
Project("{FAE04EC0-301F-11D3-BF4B-00C04F79EFBC}") = "QuickTalk.Shared.Messaging", "QuickTalk.Shared.Messaging\QuickTalk.Shared.Messaging.csproj", "{B0F74DAD-B4C1-4933-A75E-90BD91795B65}"
EndProject
Global
	GlobalSection(SolutionConfigurationPlatforms) = preSolution
		Debug|Any CPU = Debug|Any CPU
		Release|Any CPU = Release|Any CPU
	EndGlobalSection
	GlobalSection(ProjectConfigurationPlatforms) = postSolution
		{FB763408-C849-4E79-A9B7-2AE884F6DD81}.Debug|Any CPU.ActiveCfg = Debug|Any CPU
		{FB763408-C849-4E79-A9B7-2AE884F6DD81}.Debug|Any CPU.Build.0 = Debug|Any CPU
		{FB763408-C849-4E79-A9B7-2AE884F6DD81}.Release|Any CPU.ActiveCfg = Release|Any CPU
		{FB763408-C849-4E79-A9B7-2AE884F6DD81}.Release|Any CPU.Build.0 = Release|Any CPU
		{E657A5AD-AD95-4654-9019-16AEC9A513FA}.Debug|Any CPU.ActiveCfg = Debug|Any CPU
		{E657A5AD-AD95-4654-9019-16AEC9A513FA}.Debug|Any CPU.Build.0 = Debug|Any CPU
		{E657A5AD-AD95-4654-9019-16AEC9A513FA}.Release|Any CPU.ActiveCfg = Release|Any CPU
		{E657A5AD-AD95-4654-9019-16AEC9A513FA}.Release|Any CPU.Build.0 = Release|Any CPU
		{9B0BFAE2-86BE-4EE6-8CB8-C6886AB24217}.Debug|Any CPU.ActiveCfg = Debug|Any CPU
		{9B0BFAE2-86BE-4EE6-8CB8-C6886AB24217}.Debug|Any CPU.Build.0 = Debug|Any CPU
		{9B0BFAE2-86BE-4EE6-8CB8-C6886AB24217}.Release|Any CPU.ActiveCfg = Release|Any CPU
		{9B0BFAE2-86BE-4EE6-8CB8-C6886AB24217}.Release|Any CPU.Build.0 = Release|Any CPU
		{D425D0D6-0F8E-4C59-80F2-BC338EE8A0A0}.Debug|Any CPU.ActiveCfg = Debug|Any CPU
		{D425D0D6-0F8E-4C59-80F2-BC338EE8A0A0}.Debug|Any CPU.Build.0 = Debug|Any CPU
		{D425D0D6-0F8E-4C59-80F2-BC338EE8A0A0}.Release|Any CPU.ActiveCfg = Release|Any CPU
		{D425D0D6-0F8E-4C59-80F2-BC338EE8A0A0}.Release|Any CPU.Build.0 = Release|Any CPU
		{3A92C47E-36C5-4D2D-81F2-7AE650007CF7}.Debug|Any CPU.ActiveCfg = Debug|Any CPU
		{3A92C47E-36C5-4D2D-81F2-7AE650007CF7}.Debug|Any CPU.Build.0 = Debug|Any CPU
		{3A92C47E-36C5-4D2D-81F2-7AE650007CF7}.Release|Any CPU.ActiveCfg = Release|Any CPU
		{3A92C47E-36C5-4D2D-81F2-7AE650007CF7}.Release|Any CPU.Build.0 = Release|Any CPU
		{8781C917-8276-4D90-880E-22FD354CC3EA}.Debug|Any CPU.ActiveCfg = Debug|Any CPU
		{8781C917-8276-4D90-880E-22FD354CC3EA}.Debug|Any CPU.Build.0 = Debug|Any CPU
		{8781C917-8276-4D90-880E-22FD354CC3EA}.Release|Any CPU.ActiveCfg = Release|Any CPU
		{8781C917-8276-4D90-880E-22FD354CC3EA}.Release|Any CPU.Build.0 = Release|Any CPU
		{0CA3FD0F-F081-4289-8985-1541B3521CF8}.Debug|Any CPU.ActiveCfg = Debug|Any CPU
		{0CA3FD0F-F081-4289-8985-1541B3521CF8}.Debug|Any CPU.Build.0 = Debug|Any CPU
		{0CA3FD0F-F081-4289-8985-1541B3521CF8}.Release|Any CPU.ActiveCfg = Release|Any CPU
		{0CA3FD0F-F081-4289-8985-1541B3521CF8}.Release|Any CPU.Build.0 = Release|Any CPU
		{A82A2153-32D1-4083-A029-077A961F3284}.Debug|Any CPU.ActiveCfg = Debug|Any CPU
		{A82A2153-32D1-4083-A029-077A961F3284}.Debug|Any CPU.Build.0 = Debug|Any CPU
		{A82A2153-32D1-4083-A029-077A961F3284}.Release|Any CPU.ActiveCfg = Release|Any CPU
		{A82A2153-32D1-4083-A029-077A961F3284}.Release|Any CPU.Build.0 = Release|Any CPU
		{6E6C7B2C-5565-458A-913C-3D8533369AE7}.Debug|Any CPU.ActiveCfg = Debug|Any CPU
		{6E6C7B2C-5565-458A-913C-3D8533369AE7}.Debug|Any CPU.Build.0 = Debug|Any CPU
		{6E6C7B2C-5565-458A-913C-3D8533369AE7}.Release|Any CPU.ActiveCfg = Release|Any CPU
		{6E6C7B2C-5565-458A-913C-3D8533369AE7}.Release|Any CPU.Build.0 = Release|Any CPU
		{6025F04F-0B3E-4D70-A459-74488E640AE3}.Debug|Any CPU.ActiveCfg = Debug|Any CPU
		{6025F04F-0B3E-4D70-A459-74488E640AE3}.Debug|Any CPU.Build.0 = Debug|Any CPU
		{6025F04F-0B3E-4D70-A459-74488E640AE3}.Release|Any CPU.ActiveCfg = Release|Any CPU
		{6025F04F-0B3E-4D70-A459-74488E640AE3}.Release|Any CPU.Build.0 = Release|Any CPU
		{32AB8924-0F85-46D3-B83E-F8E2E6C6B1F1}.Debug|Any CPU.ActiveCfg = Debug|Any CPU
		{32AB8924-0F85-46D3-B83E-F8E2E6C6B1F1}.Debug|Any CPU.Build.0 = Debug|Any CPU
		{32AB8924-0F85-46D3-B83E-F8E2E6C6B1F1}.Release|Any CPU.ActiveCfg = Release|Any CPU
		{32AB8924-0F85-46D3-B83E-F8E2E6C6B1F1}.Release|Any CPU.Build.0 = Release|Any CPU
		{B0F74DAD-B4C1-4933-A75E-90BD91795B65}.Debug|Any CPU.ActiveCfg = Debug|Any CPU
		{B0F74DAD-B4C1-4933-A75E-90BD91795B65}.Debug|Any CPU.Build.0 = Debug|Any CPU
		{B0F74DAD-B4C1-4933-A75E-90BD91795B65}.Release|Any CPU.ActiveCfg = Release|Any CPU
		{B0F74DAD-B4C1-4933-A75E-90BD91795B65}.Release|Any CPU.Build.0 = Release|Any CPU
	EndGlobalSection
	GlobalSection(SolutionProperties) = preSolution
		HideSolutionNode = FALSE
	EndGlobalSection
	GlobalSection(NestedProjects) = preSolution
		{FB763408-C849-4E79-A9B7-2AE884F6DD81} = {36D591C7-65C7-A0D1-1CBC-10CDE441BDC8}
		{36D591C7-65C7-A0D1-1CBC-10CDE441BDC8} = {10CA19C1-5DC3-4088-B0E2-A7A8B3171F67}
		{0E9016CF-4BE0-46ED-9F37-4C67766B6743} = {10CA19C1-5DC3-4088-B0E2-A7A8B3171F67}
		{E5EE81D8-72D7-4123-B433-7C988C9209B1} = {0E9016CF-4BE0-46ED-9F37-4C67766B6743}
		{E657A5AD-AD95-4654-9019-16AEC9A513FA} = {E5EE81D8-72D7-4123-B433-7C988C9209B1}
		{9B0BFAE2-86BE-4EE6-8CB8-C6886AB24217} = {E5EE81D8-72D7-4123-B433-7C988C9209B1}
		{EE62D9DE-487D-4095-9319-CB530E7D9F6E} = {0E9016CF-4BE0-46ED-9F37-4C67766B6743}
		{3B16BE39-4144-42BC-B3EF-74D8DFC71FCA} = {0E9016CF-4BE0-46ED-9F37-4C67766B6743}
		{D425D0D6-0F8E-4C59-80F2-BC338EE8A0A0} = {EE62D9DE-487D-4095-9319-CB530E7D9F6E}
		{3A92C47E-36C5-4D2D-81F2-7AE650007CF7} = {3B16BE39-4144-42BC-B3EF-74D8DFC71FCA}
		{FC0EE468-841B-49ED-AE0B-3A0082F3A515} = {10CA19C1-5DC3-4088-B0E2-A7A8B3171F67}
		{8781C917-8276-4D90-880E-22FD354CC3EA} = {42B91641-CAF3-49CA-AC2F-9C0E1B7EC13B}
		{428C88B2-614E-43E4-BEFB-4DB65C32927C} = {10CA19C1-5DC3-4088-B0E2-A7A8B3171F67}
		{7A7EB1B8-654E-425F-8548-8ADC8F5FF365} = {428C88B2-614E-43E4-BEFB-4DB65C32927C}
		{0CA3FD0F-F081-4289-8985-1541B3521CF8} = {7A7EB1B8-654E-425F-8548-8ADC8F5FF365}
		{F7518288-79F5-47EA-BBEC-2663DCA49B1D} = {428C88B2-614E-43E4-BEFB-4DB65C32927C}
		{A82A2153-32D1-4083-A029-077A961F3284} = {F7518288-79F5-47EA-BBEC-2663DCA49B1D}
		{3223C823-061E-44DF-816A-80BCF85B798A} = {428C88B2-614E-43E4-BEFB-4DB65C32927C}
		{6E6C7B2C-5565-458A-913C-3D8533369AE7} = {3223C823-061E-44DF-816A-80BCF85B798A}
		{6025F04F-0B3E-4D70-A459-74488E640AE3} = {3223C823-061E-44DF-816A-80BCF85B798A}
		{32AB8924-0F85-46D3-B83E-F8E2E6C6B1F1} = {C90F570A-D3B5-47C6-B472-059091C30D6C}
		{C90F570A-D3B5-47C6-B472-059091C30D6C} = {FC0EE468-841B-49ED-AE0B-3A0082F3A515}
		{42B91641-CAF3-49CA-AC2F-9C0E1B7EC13B} = {FC0EE468-841B-49ED-AE0B-3A0082F3A515}
		{62C19CE3-5F29-447D-BF4F-CD92943AF0F2} = {10CA19C1-5DC3-4088-B0E2-A7A8B3171F67}
		{B0F74DAD-B4C1-4933-A75E-90BD91795B65} = {62C19CE3-5F29-447D-BF4F-CD92943AF0F2}
	EndGlobalSection
	GlobalSection(ExtensibilityGlobals) = postSolution
		SolutionGuid = {9D7FE2A2-DA95-4E29-8F0E-DCB65CF75076}
	EndGlobalSection
EndGlobal
